
Microsoft Visual Studio Solution File, Format Version 12.00
# Visual Studio Version 16
VisualStudioVersion = 16.0.33529.622
MinimumVisualStudioVersion = 10.0.40219.1
Project("{FAE04EC0-301F-11D3-BF4B-00C04F79EFBC}") = "WebApp1", "WebApp1\WebApp1.csproj", "{D7AB2370-385D-43AF-A94D-F57E88CFEA66}"
EndProject
Global
	GlobalSection(SolutionConfigurationPlatforms) = preSolution
		Debug|Any CPU = Debug|Any CPU
		Release|Any CPU = Release|Any CPU
	EndGlobalSection
	GlobalSection(ProjectConfigurationPlatforms) = postSolution
		{D7AB2370-385D-43AF-A94D-F57E88CFEA66}.Debug|Any CPU.ActiveCfg = Debug|Any CPU
		{D7AB2370-385D-43AF-A94D-F57E88CFEA66}.Debug|Any CPU.Build.0 = Debug|Any CPU
		{D7AB2370-385D-43AF-A94D-F57E88CFEA66}.Release|Any CPU.ActiveCfg = Release|Any CPU
		{D7AB2370-385D-43AF-A94D-F57E88CFEA66}.Release|Any CPU.Build.0 = Release|Any CPU
	EndGlobalSection
	GlobalSection(SolutionProperties) = preSolution
		HideSolutionNode = FALSE
	EndGlobalSection
	GlobalSection(ExtensibilityGlobals) = postSolution
		SolutionGuid = {60B274FA-761A-443F-A9FC-F2F070C45D5C}
	EndGlobalSection
EndGlobal
